cloudeng.io v0.0.0-20250114011922-deda84865886 h1:UYVrw91nNiP6h7lXGmqI2B092swJ2cDZxtqL2HhyNWg=
cloudeng.io v0.0.0-20250114011922-deda84865886/go.mod h1:+uZmhuLSYbBXOpCRTETlTVwHyj1bt9im66QMbCynuzw=
cloudeng.io/cmdutil v0.0.0-20240522031305-dfb750a2120a h1:2vWOENZeOzY+C9c9AXdYPXySas0JF69z95wrJ1NSgTA=
cloudeng.io/cmdutil v0.0.0-20240522031305-dfb750a2120a/go.mod h1:FvW2OnlZDgDaYoa+QbCm8RLJOkeXHZMF8z/ZR99uku8=
cloudeng.io/cmdutil v0.0.0-20250114011922-deda84865886 h1:fcUaeYh6UU5nphkwauPkLOJngBUislPCryYioamZEWk=
cloudeng.io/cmdutil v0.0.0-20250114011922-deda84865886/go.mod h1:SaquTd0cZsJxXo4C/UzVIlGGgqSqxXXaWpZj8O35zg4=
cloudeng.io/datetime v0.0.0-20250114011922-deda84865886 h1:y8uydJaK5RKCn34P3ToKhr51pOmBVP1oRS+pGByNGKg=
cloudeng.io/datetime v0.0.0-20250114011922-deda84865886/go.mod h1:oC+T0v8O/Dtl7wE9Q+RXfQOjHT+9OlQAjvDbWZncs70=
cloudeng.io/file v0.0.0-20240214044655-223c29824207 h1:1bAIRRN7eLfZZpDWrqBxVkAOyPm7bTFU4XNvwKxClsw=
cloudeng.io/file v0.0.0-20240214044655-223c29824207/go.mod h1:cmNGFILlDaNku6KiLsXeAGjY/227h2Pdb3pY763KG9s=
cloudeng.io/file v0.0.0-20250114011922-deda84865886 h1:6eYYXLmlAOUMtUhE06dZJmQ7gMwO9aQBUjG1wosD8AQ=
cloudeng.io/file v0.0.0-20250114011922-deda84865886/go.mod h1:cpn65256dvwrs7+iULJk+DSTiCtzVdb9ojENSHNQUkE=
github.com/cosnicolaou/automation v0.0.0-20250114224447-acd10bcb697f h1:0EPKyCmnAfQf+8UPYGdE9YdStBc7LoeyXI2vpX1Jicg=
github.com/cosnicolaou/automation v0.0.0-20250114224447-acd10bcb697f/go.mod h1:qaejs6fg7nD1mWfJWWLIUguJdJKmwEF0snGYx0+rqWk=
github.com/reiver/go-oi v1.0.0 h1:nvECWD7LF+vOs8leNGV/ww+F2iZKf3EYjYZ527turzM=
github.com/reiver/go-oi v1.0.0/go.mod h1:RrDBct90BAhoDTxB1fenZwfykqeGvhI6LsNfStJoEkI=
github.com/reiver/go-telnet v0.0.0-20180421082511-9ff0b2ab096e h1:quuzZLi72kkJjl+f5AQ93FMcadG19WkS7MO6TXFOSas=
github.com/reiver/go-telnet v0.0.0-20180421082511-9ff0b2ab096e/go.mod h1:+5vNVvEWwEIx86DB9Ke/+a5wBI464eDRo3eF0LcfpWg=
github.com/ziutek/telnet v0.1.0 h1:Fds2AqweYyoRHX/5X8ikiyqIcSl156Sf2xCvURfqXHA=
github.com/ziutek/telnet v0.1.0/go.mod h1:3M/h4qudUBZA8n+N4ywQIu2auiHUJNdqLUIKDAbG2M4=
gopkg.in/check.v1 v0.0.0-20161208181325-20d25e280405/go.mod h1:Co6ibVJAznAaIkqp8huTwlJQCZ016jof/cbN4VW5Yz0=
gopkg.in/yaml.v3 v3.0.1 h1:fxVm/GzAzEWqLHuvctI91KS9hhNmmWOoWu0XTYJS7CA=
gopkg.in/yaml.v3 v3.0.1/go.mod h1:K4uyk7z7BCEPqu6E+C64Yfv1cQ7kz7rIZviUmN+EgEM=
