cloudeng.io/cmdutil v0.0.0-20251204190401-6fa1f48d333e h1:3O4lTGHacFC1a4DaFD8gnx0h1qmCRJGaTJhw0KfCeik=
cloudeng.io/cmdutil v0.0.0-20251204190401-6fa1f48d333e/go.mod h1:FOMZ13e4NUrAGTiqb7EY4nRZWfwbZUz3TL86Z5kJftA=
cloudeng.io/datetime v0.0.0-20250820215211-e1b65c305908 h1:VrTgCFztLTjy9LFRSWNDqhk8lH6qGh8rnxiyZzVDtHA=
cloudeng.io/datetime v0.0.0-20250820215211-e1b65c305908/go.mod h1:jrn5bY/afqLBBV29or+JWe2BJLHTqM0TyP46qRmhqfI=
cloudeng.io/file v0.0.0-20251120181725-ae601f12dbbf h1:gOm2MCJXQfwFFiYr6Hxz2WSDIgBvCJJjNTd9IIoVqGA=
cloudeng.io/file v0.0.0-20251120181725-ae601f12dbbf/go.mod h1:dgJl/nOmxeGrrC3mZRfPHFtKyDjN5cbZ2OUQBCyCHt4=
cloudeng.io/logging v0.0.0-20250820215211-e1b65c305908 h1:MkSh60TTcYqI46jjxYjeZla0JdLPfKG3c4QXkwCu7Ug=
cloudeng.io/logging v0.0.0-20250820215211-e1b65c305908/go.mod h1:D0TUs3Aiwa1c7xI/TE7JITYnICck34r6DR5twakJjIs=
github.com/cosnicolaou/automation v0.0.0-20250517183522-22bd2df39bb4 h1:n8QwFNjZa65OALAprqb08nX0yNZIitzwZ06B7LtZdE4=
github.com/cosnicolaou/automation v0.0.0-20250517183522-22bd2df39bb4/go.mod h1:d3KJXO0phiAQ+NtWdMM0HoSBSIRRBFvzuwXjjwAHwDI=
github.com/creack/pty v1.1.9/go.mod h1:oKZEueFk5CKHvIhNR5MUki03XCEU+Q6VDXinZuGJ33E=
github.com/kr/pretty v0.3.1 h1:flRD4NNwYAUpkphVc1HcthR4KEIFJ65n8Mw5qdRn3LE=
github.com/kr/pretty v0.3.1/go.mod h1:hoEshYVHaxMs3cyo3Yncou5ZscifuDolrwPKZanG3xk=
github.com/kr/text v0.2.0 h1:5Nx0Ya0ZqY2ygV366QzturHI13Jq95ApcVaJBhpS+AY=
github.com/kr/text v0.2.0/go.mod h1:eLer722TekiGuMkidMxC/pM04lWEeraHUUmBw8l2grE=
github.com/reiver/go-oi v1.0.0 h1:nvECWD7LF+vOs8leNGV/ww+F2iZKf3EYjYZ527turzM=
github.com/reiver/go-oi v1.0.0/go.mod h1:RrDBct90BAhoDTxB1fenZwfykqeGvhI6LsNfStJoEkI=
github.com/reiver/go-telnet v0.0.0-20180421082511-9ff0b2ab096e h1:quuzZLi72kkJjl+f5AQ93FMcadG19WkS7MO6TXFOSas=
github.com/reiver/go-telnet v0.0.0-20180421082511-9ff0b2ab096e/go.mod h1:+5vNVvEWwEIx86DB9Ke/+a5wBI464eDRo3eF0LcfpWg=
github.com/rogpeppe/go-internal v1.12.0 h1:exVL4IDcn6na9z1rAb56Vxr+CgyK3nn3O+epU5NdKM8=
github.com/rogpeppe/go-internal v1.12.0/go.mod h1:E+RYuTGaKKdloAfM02xzb0FW3Paa99yedzYV+kq4uf4=
github.com/ziutek/telnet v0.1.0 h1:Fds2AqweYyoRHX/5X8ikiyqIcSl156Sf2xCvURfqXHA=
github.com/ziutek/telnet v0.1.0/go.mod h1:3M/h4qudUBZA8n+N4ywQIu2auiHUJNdqLUIKDAbG2M4=
golang.org/x/text v0.25.0 h1:qVyWApTSYLk/drJRO5mDlNYskwQznZmkpV2c8q9zls4=
golang.org/x/text v0.25.0/go.mod h1:WEdwpYrmk1qmdHvhkSTNPm3app7v4rsT8F2UD6+VHIA=
gopkg.in/check.v1 v0.0.0-20161208181325-20d25e280405/go.mod h1:Co6ibVJAznAaIkqp8huTwlJQCZ016jof/cbN4VW5Yz0=
gopkg.in/check.v1 v1.0.0-20201130134442-10cb98267c6c h1:Hei/4ADfdWqJk1ZMxUNpqntNwaWcugrBjAiHlqqRiVk=
gopkg.in/check.v1 v1.0.0-20201130134442-10cb98267c6c/go.mod h1:JHkPIbrfpd72SG/EVd6muEfDQjcINNoR0C8j2r3qZ4Q=
gopkg.in/yaml.v3 v3.0.1 h1:fxVm/GzAzEWqLHuvctI91KS9hhNmmWOoWu0XTYJS7CA=
gopkg.in/yaml.v3 v3.0.1/go.mod h1:K4uyk7z7BCEPqu6E+C64Yfv1cQ7kz7rIZviUmN+EgEM=
